
Microsoft Visual Studio Solution File, Format Version 12.00
# Visual Studio Version 16
VisualStudioVersion = 16.0.30128.74
MinimumVisualStudioVersion = 10.0.40219.1
Project("{FAE04EC0-301F-11D3-BF4B-00C04F79EFBC}") = "KuantumHesapMakiesni", "KuantumHesapMakiesni.csproj", "{987BB894-CE07-4D35-AF21-7082CEA8920D}"
EndProject
Global
	GlobalSection(SolutionConfigurationPlatforms) = preSolution
		Debug|Any CPU = Debug|Any CPU
		Release|Any CPU = Release|Any CPU
	EndGlobalSection
	GlobalSection(ProjectConfigurationPlatforms) = postSolution
		{987BB894-CE07-4D35-AF21-7082CEA8920D}.Debug|Any CPU.ActiveCfg = Debug|Any CPU
		{987BB894-CE07-4D35-AF21-7082CEA8920D}.Debug|Any CPU.Build.0 = Debug|Any CPU
		{987BB894-CE07-4D35-AF21-7082CEA8920D}.Release|Any CPU.ActiveCfg = Release|Any CPU
		{987BB894-CE07-4D35-AF21-7082CEA8920D}.Release|Any CPU.Build.0 = Release|Any CPU
	EndGlobalSection
	GlobalSection(SolutionProperties) = preSolution
		HideSolutionNode = FALSE
	EndGlobalSection
	GlobalSection(ExtensibilityGlobals) = postSolution
		SolutionGuid = {D72AFE34-5073-47B5-A533-D45A3E4396EE}
	EndGlobalSection
EndGlobal
